{
  "nodes": {
    "darwin": {
      "inputs": {
        "nixpkgs": [
          "nixpkgs"
        ]
      },
      "locked": {
        "lastModified": 1715901937,
        "narHash": "sha256-eMyvWP56ZOdraC2IOvZo0/RTDcrrsqJ0oJWDC76JTak=",
        "owner": "lnl7",
        "repo": "nix-darwin",
        "rev": "ffc01182f90118119930bdfc528c1ee9a39ecef8",
        "type": "github"
      },
      "original": {
        "owner": "lnl7",
        "repo": "nix-darwin",
        "type": "github"
      }
    },
    "home-manager": {
      "inputs": {
        "nixpkgs": [
          "nixpkgs"
        ]
      },
      "locked": {
        "lastModified": 1717527182,
        "narHash": "sha256-vWSkg6AMok1UUQiSYVdGMOXKD2cDFnajITiSi0Zjd1A=",
        "owner": "nix-community",
        "repo": "home-manager",
        "rev": "845a5c4c073f74105022533907703441e0464bc3",
        "type": "github"
      },
      "original": {
        "owner": "nix-community",
        "ref": "release-24.05",
        "repo": "home-manager",
        "type": "github"
      }
    },
    "nixpkgs": {
      "locked": {
        "lastModified": 1718062102,
        "narHash": "sha256-jrZElSRwgy8CyJ8kthtdv7v3uleaRwY6h7TEUwYXXo8=",
        "owner": "nixos",
        "repo": "nixpkgs",
        "rev": "c24bf950ab438d94bd664ef16f62139c152808c2",
        "type": "github"
      },
      "original": {
        "owner": "nixos",
        "ref": "nixpkgs-24.05-darwin",
        "repo": "nixpkgs",
        "type": "github"
      }
    },
    "nixpkgs-unstable": {
      "locked": {
        "lastModified": 1715867414,
        "narHash": "sha256-cu4UEffKkBByyGR6CFs9XP6iSNsKTkq1r66DA5BkYnE=",
        "owner": "nixos",
        "repo": "nixpkgs",
        "rev": "bf446f08bff6814b569265bef8374cfdd3d8f0e0",
        "type": "github"
      },
      "original": {
        "owner": "nixos",
        "ref": "nixpkgs-unstable",
        "repo": "nixpkgs",
        "type": "github"
      }
    },
    "root": {
      "inputs": {
        "darwin": "darwin",
        "home-manager": "home-manager",
        "nixpkgs": "nixpkgs",
        "nixpkgs-unstable": "nixpkgs-unstable"
      }
    }
  },
  "root": "root",
  "version": 7
}
